
Microsoft Visual Studio Solution File, Format Version 12.00
# Visual Studio Version 17
VisualStudioVersion = 17.5.002.0
MinimumVisualStudioVersion = 10.0.40219.1
Project("{9A19103F-16F7-4668-BE54-9A1E7A4F7556}") = "Banco", "Banco\Banco.csproj", "{5DCEECE3-F8DF-4149-8FAA-2230F339146F}"
EndProject
Global
	GlobalSection(SolutionConfigurationPlatforms) = preSolution
		Debug|Any CPU = Debug|Any CPU
		Release|Any CPU = Release|Any CPU
	EndGlobalSection
	GlobalSection(ProjectConfigurationPlatforms) = postSolution
		{5DCEECE3-F8DF-4149-8FAA-2230F339146F}.Debug|Any CPU.ActiveCfg = Debug|Any CPU
		{5DCEECE3-F8DF-4149-8FAA-2230F339146F}.Debug|Any CPU.Build.0 = Debug|Any CPU
		{5DCEECE3-F8DF-4149-8FAA-2230F339146F}.Release|Any CPU.ActiveCfg = Release|Any CPU
		{5DCEECE3-F8DF-4149-8FAA-2230F339146F}.Release|Any CPU.Build.0 = Release|Any CPU
	EndGlobalSection
	GlobalSection(SolutionProperties) = preSolution
		HideSolutionNode = FALSE
	EndGlobalSection
	GlobalSection(ExtensibilityGlobals) = postSolution
		SolutionGuid = {DB320672-E6CA-4446-B45B-8F56462418A7}
	EndGlobalSection
EndGlobal
